<?xml version="1.0" encoding="utf-8"?>
<Project ToolsVersion="4.0" xmlns="http://schemas.microsoft.com/developer/msbuild/2003">
  <ItemGroup>
    <Filter Include="Source Files">
      <UniqueIdentifier>{4FC737F1-C7A5-4376-A066-2A32D752A2FF}</UniqueIdentifier>
      <Extensions>cpp;c;cc;cxx;c++;cppm;ixx;def;odl;idl;hpj;bat;asm;asmx</Extensions>
    </Filter>
    <Filter Include="Header Files">
      <UniqueIdentifier>{93995380-89BD-4b04-88EB-625FBE52EBFB}</UniqueIdentifier>
      <Extensions>h;hh;hpp;hxx;h++;hm;inl;inc;ipp;xsd</Extensions>
    </Filter>
    <Filter Include="Resource Files">
      <UniqueIdentifier>{67DA6AB6-F800-4c08-8B7A-83BB121AAD01}</UniqueIdentifier>
      <Extensions>rc;ico;cur;bmp;dlg;rc2;rct;bin;rgs;gif;jpg;jpeg;jpe;resx;tiff;tif;png;wav;mfcribbon-ms</Extensions>
    </Filter>
  </ItemGroup>
  <ItemGroup>
    <ClInclude Include="examples\algebraic.h">
      <Filter>Header Files</Filter>
    </ClInclude>
    <ClInclude Include="examples\json.h">
      <Filter>Header Files</Filter>
    </ClInclude>
    <ClInclude Include="include\tok3n\operators\Basic.h">
      <Filter>Header Files</Filter>
    </ClInclude>
    <ClInclude Include="include\tok3n\operators\Choice.h">
      <Filter>Header Files</Filter>
    </ClInclude>
    <ClInclude Include="include\tok3n\operators\Maybe.h">
      <Filter>Header Files</Filter>
    </ClInclude>
    <ClInclude Include="include\tok3n\operators\Modifier.h">
      <Filter>Header Files</Filter>
    </ClInclude>
    <ClInclude Include="include\tok3n\operators\Not.h">
      <Filter>Header Files</Filter>
    </ClInclude>
    <ClInclude Include="include\tok3n\operators\OneOrMore.h">
      <Filter>Header Files</Filter>
    </ClInclude>
    <ClInclude Include="include\tok3n\operators\Sequence.h">
      <Filter>Header Files</Filter>
    </ClInclude>
    <ClInclude Include="include\tok3n\operators\ZeroOrMore.h">
      <Filter>Header Files</Filter>
    </ClInclude>
    <ClInclude Include="include\tok3n\parsers\adaptor\Complete.h">
      <Filter>Header Files</Filter>
    </ClInclude>
    <ClInclude Include="include\tok3n\parsers\adaptor\Delimit.h">
      <Filter>Header Files</Filter>
    </ClInclude>
    <ClInclude Include="include\tok3n\parsers\adaptor\Ignore.h">
      <Filter>Header Files</Filter>
    </ClInclude>
    <ClInclude Include="include\tok3n\parsers\basic\Literal.h">
      <Filter>Header Files</Filter>
    </ClInclude>
    <ClInclude Include="include\tok3n\parsers\basic\NotChar.h">
      <Filter>Header Files</Filter>
    </ClInclude>
    <ClInclude Include="include\tok3n\parsers\basic\OneChar.h">
      <Filter>Header Files</Filter>
    </ClInclude>
    <ClInclude Include="include\tok3n\parsers\compound\Choice.h">
      <Filter>Header Files</Filter>
    </ClInclude>
    <ClInclude Include="include\tok3n\parsers\compound\Sequence.h">
      <Filter>Header Files</Filter>
    </ClInclude>
    <ClInclude Include="include\tok3n\parsers\divergent\ApplyInto.h">
      <Filter>Header Files</Filter>
    </ClInclude>
    <ClInclude Include="include\tok3n\parsers\divergent\Constant.h">
      <Filter>Header Files</Filter>
    </ClInclude>
    <ClInclude Include="include\tok3n\parsers\divergent\Custom.h">
      <Filter>Header Files</Filter>
    </ClInclude>
    <ClInclude Include="include\tok3n\parsers\divergent\Defaulted.h">
      <Filter>Header Files</Filter>
    </ClInclude>
    <ClInclude Include="include\tok3n\parsers\divergent\Into.h">
      <Filter>Header Files</Filter>
    </ClInclude>
    <ClInclude Include="include\tok3n\parsers\divergent\Join.h">
      <Filter>Header Files</Filter>
    </ClInclude>
    <ClInclude Include="include\tok3n\parsers\divergent\Transform.h">
      <Filter>Header Files</Filter>
    </ClInclude>
    <ClInclude Include="include\tok3n\parsers\repeat\Exactly.h">
      <Filter>Header Files</Filter>
    </ClInclude>
    <ClInclude Include="include\tok3n\parsers\repeat\Maybe.h">
      <Filter>Header Files</Filter>
    </ClInclude>
    <ClInclude Include="include\tok3n\parsers\repeat\OneOrMore.h">
      <Filter>Header Files</Filter>
    </ClInclude>
    <ClInclude Include="include\tok3n\parsers\repeat\ZeroOrMore.h">
      <Filter>Header Files</Filter>
    </ClInclude>
    <ClInclude Include="include\tok3n\parsers\Details.h">
      <Filter>Header Files</Filter>
    </ClInclude>
    <ClInclude Include="include\tok3n\tok3n.h">
      <Filter>Header Files</Filter>
    </ClInclude>
    <ClInclude Include="pch.h">
      <Filter>Header Files</Filter>
    </ClInclude>
    <ClInclude Include="tests\common.h">
      <Filter>Header Files</Filter>
    </ClInclude>
    <ClInclude Include="tests\utility.h">
      <Filter>Header Files</Filter>
    </ClInclude>
    <ClInclude Include="include\tok3n\parsers\divergent\ApplyTransform.h">
      <Filter>Header Files</Filter>
    </ClInclude>
    <ClInclude Include="include\tok3n\concepts.h">
      <Filter>Header Files</Filter>
    </ClInclude>
    <ClInclude Include="include\tok3n\concepts\ImplicitlyDefaultConstructible.h">
      <Filter>Header Files</Filter>
    </ClInclude>
    <ClInclude Include="include\tok3n\concepts\IsParser.h">
      <Filter>Header Files</Filter>
    </ClInclude>
    <ClInclude Include="include\tok3n\concepts\IsResult.h">
      <Filter>Header Files</Filter>
    </ClInclude>
    <ClInclude Include="include\tok3n\concepts\Modifier.h">
      <Filter>Header Files</Filter>
    </ClInclude>
    <ClInclude Include="include\tok3n\concepts\Parser.h">
      <Filter>Header Files</Filter>
    </ClInclude>
    <ClInclude Include="include\tok3n\meta.h">
      <Filter>Header Files</Filter>
    </ClInclude>
    <ClInclude Include="include\tok3n\meta\all_same.h">
      <Filter>Header Files</Filter>
    </ClInclude>
    <ClInclude Include="include\tok3n\meta\filter.h">
      <Filter>Header Files</Filter>
    </ClInclude>
    <ClInclude Include="include\tok3n\meta\filtered_sequence.h">
      <Filter>Header Files</Filter>
    </ClInclude>
    <ClInclude Include="include\tok3n\meta\head.h">
      <Filter>Header Files</Filter>
    </ClInclude>
    <ClInclude Include="include\tok3n\meta\invoke_type.h">
      <Filter>Header Files</Filter>
    </ClInclude>
    <ClInclude Include="include\tok3n\meta\is_not_type.h">
      <Filter>Header Files</Filter>
    </ClInclude>
    <ClInclude Include="include\tok3n\meta\list_cast.h">
      <Filter>Header Files</Filter>
    </ClInclude>
    <ClInclude Include="include\tok3n\meta\type_list.h">
      <Filter>Header Files</Filter>
    </ClInclude>
    <ClInclude Include="include\tok3n\meta\type_predicate.h">
      <Filter>Header Files</Filter>
    </ClInclude>
    <ClInclude Include="include\tok3n\meta\unwrap_if_single.h">
      <Filter>Header Files</Filter>
    </ClInclude>
    <ClInclude Include="include\tok3n\parsers.h">
      <Filter>Header Files</Filter>
    </ClInclude>
    <ClInclude Include="include\tok3n\types.h">
      <Filter>Header Files</Filter>
    </ClInclude>
    <ClInclude Include="include\tok3n\types\ModifierBase.h">
      <Filter>Header Files</Filter>
    </ClInclude>
    <ClInclude Include="include\tok3n\types\Result.h">
      <Filter>Header Files</Filter>
    </ClInclude>
    <ClInclude Include="include\tok3n\types\Input.h">
      <Filter>Header Files</Filter>
    </ClInclude>
    <ClInclude Include="include\tok3n\types\ParserType.h">
      <Filter>Header Files</Filter>
    </ClInclude>
    <ClInclude Include="include\tok3n\types\Tags.h">
      <Filter>Header Files</Filter>
    </ClInclude>
    <ClInclude Include="include\tok3n\namespace.h">
      <Filter>Header Files</Filter>
    </ClInclude>
    <ClInclude Include="include\tok3n\types\StaticString.h">
      <Filter>Header Files</Filter>
    </ClInclude>
    <ClInclude Include="include\tok3n\modifiers\exactly.h">
      <Filter>Header Files</Filter>
    </ClInclude>
    <ClInclude Include="include\tok3n\modifiers.h">
      <Filter>Header Files</Filter>
    </ClInclude>
    <ClInclude Include="include\tok3n\modifiers\ignore.h">
      <Filter>Header Files</Filter>
    </ClInclude>
    <ClInclude Include="include\tok3n\modifiers\delimit.h">
      <Filter>Header Files</Filter>
    </ClInclude>
  </ItemGroup>
  <ItemGroup>
    <ClCompile Include="main.cpp">
      <Filter>Source Files</Filter>
    </ClCompile>
    <ClCompile Include="pch.cpp">
      <Filter>Source Files</Filter>
    </ClCompile>
    <ClCompile Include="tests\parsers_basic\Literal.cpp">
      <Filter>Source Files</Filter>
    </ClCompile>
    <ClCompile Include="tests\parsers_basic\NotChar.cpp">
      <Filter>Source Files</Filter>
    </ClCompile>
    <ClCompile Include="tests\parsers_basic\OneChar.cpp">
      <Filter>Source Files</Filter>
    </ClCompile>
    <ClCompile Include="tests\parsers_compound\Choice.cpp">
      <Filter>Source Files</Filter>
    </ClCompile>
    <ClCompile Include="tests\parsers_compound\Sequence.cpp">
      <Filter>Source Files</Filter>
    </ClCompile>
    <ClCompile Include="tests\parsers_repeat\OneOrMore.cpp">
      <Filter>Source Files</Filter>
    </ClCompile>
    <ClCompile Include="tests\parsers_repeat\ZeroOrMore.cpp">
      <Filter>Source Files</Filter>
    </ClCompile>
    <ClCompile Include="tests\parsers_repeat\Maybe.cpp">
      <Filter>Source Files</Filter>
    </ClCompile>
    <ClCompile Include="tests\parsers_adaptor\Delimit.cpp">
      <Filter>Source Files</Filter>
    </ClCompile>
    <ClCompile Include="tests\parsers_divergent\Join.cpp">
      <Filter>Source Files</Filter>
    </ClCompile>
    <ClCompile Include="tests\parsers_adaptor\Ignore.cpp">
      <Filter>Source Files</Filter>
    </ClCompile>
    <ClCompile Include="tests\parsers_divergent\Transform.cpp">
      <Filter>Source Files</Filter>
    </ClCompile>
    <ClCompile Include="tests\parsers_divergent\Custom.cpp">
      <Filter>Source Files</Filter>
    </ClCompile>
    <ClCompile Include="tests\parsers_divergent\combine.cpp">
      <Filter>Source Files</Filter>
    </ClCompile>
    <ClCompile Include="tests\operators_regular\Not.cpp">
      <Filter>Source Files</Filter>
    </ClCompile>
    <ClCompile Include="tests\operators_regular\Choice.cpp">
      <Filter>Source Files</Filter>
    </ClCompile>
    <ClCompile Include="tests\operators_regular\Sequence.cpp">
      <Filter>Source Files</Filter>
    </ClCompile>
    <ClCompile Include="tests\parsers_repeat\Exactly.cpp">
      <Filter>Source Files</Filter>
    </ClCompile>
    <ClCompile Include="tests\operators_regular\Maybe.cpp">
      <Filter>Source Files</Filter>
    </ClCompile>
    <ClCompile Include="tests\operators_regular\OneOrMore.cpp">
      <Filter>Source Files</Filter>
    </ClCompile>
    <ClCompile Include="tests\operators_regular\ZeroOrMore.cpp">
      <Filter>Source Files</Filter>
    </ClCompile>
    <ClCompile Include="tests\operators_modifier\Delimit.cpp">
      <Filter>Source Files</Filter>
    </ClCompile>
    <ClCompile Include="tests\operators_modifier\Ignore.cpp">
      <Filter>Source Files</Filter>
    </ClCompile>
    <ClCompile Include="tests\parsers_adaptor\Complete.cpp">
      <Filter>Source Files</Filter>
    </ClCompile>
    <ClCompile Include="tests\operators_modifier\Complete.cpp">
      <Filter>Source Files</Filter>
    </ClCompile>
    <ClCompile Include="tests\operators_modifier\Exactly.cpp">
      <Filter>Source Files</Filter>
    </ClCompile>
    <ClCompile Include="tests\operators_modifier\Join.cpp">
      <Filter>Source Files</Filter>
    </ClCompile>
    <ClCompile Include="tests\operators_modifier\Transform.cpp">
      <Filter>Source Files</Filter>
    </ClCompile>
    <ClCompile Include="tests\parsers_divergent\Into.cpp">
      <Filter>Source Files</Filter>
    </ClCompile>
    <ClCompile Include="tests\operators_modifier\Into.cpp">
      <Filter>Source Files</Filter>
    </ClCompile>
    <ClCompile Include="tests\parsers_divergent\Constant.cpp">
      <Filter>Source Files</Filter>
    </ClCompile>
    <ClCompile Include="tests\operators_modifier\Constant.cpp">
      <Filter>Source Files</Filter>
    </ClCompile>
    <ClCompile Include="tests\parsers_divergent\Defaulted.cpp">
      <Filter>Source Files</Filter>
    </ClCompile>
    <ClCompile Include="tests\operators_modifier\Defaulted.cpp">
      <Filter>Source Files</Filter>
    </ClCompile>
    <ClCompile Include="tests\operators_regular\Basic.cpp">
      <Filter>Source Files</Filter>
    </ClCompile>
    <ClCompile Include="tests\operators_modifier\IntoChoice.cpp">
      <Filter>Source Files</Filter>
    </ClCompile>
    <ClCompile Include="tests\parsers_divergent\ApplyInto.cpp">
      <Filter>Source Files</Filter>
    </ClCompile>
    <ClCompile Include="tests\operators_modifier\ApplyInto.cpp">
      <Filter>Source Files</Filter>
    </ClCompile>
    <ClCompile Include="tests\parsers_divergent\ApplyTransform.cpp">
      <Filter>Source Files</Filter>
    </ClCompile>
    <ClCompile Include="tests\operators_modifier\ApplyTransform.cpp">
      <Filter>Source Files</Filter>
    </ClCompile>
  </ItemGroup>
</Project>