
Microsoft Visual Studio Solution File, Format Version 12.00
# Visual Studio Version 17
VisualStudioVersion = 17.3.32825.248
MinimumVisualStudioVersion = 10.0.40219.1
Project("{8BC9CEB8-8B4A-11D0-8D11-00A0C91BC942}") = "tok3n", "tok3n.vcxproj", "{9CB93FCE-939F-4476-AD03-6BAF2FAA196B}"
EndProject
Global
	GlobalSection(SolutionConfigurationPlatforms) = preSolution
		Debug|x64 = Debug|x64
		Debug|x86 = Debug|x86
		Release|x64 = Release|x64
		Release|x86 = Release|x86
		Test|x64 = Test|x64
		Test|x86 = Test|x86
	EndGlobalSection
	GlobalSection(ProjectConfigurationPlatforms) = postSolution
		{9CB93FCE-939F-4476-AD03-6BAF2FAA196B}.Debug|x64.ActiveCfg = Debug|x64
		{9CB93FCE-939F-4476-AD03-6BAF2FAA196B}.Debug|x64.Build.0 = Debug|x64
		{9CB93FCE-939F-4476-AD03-6BAF2FAA196B}.Debug|x86.ActiveCfg = Debug|Win32
		{9CB93FCE-939F-4476-AD03-6BAF2FAA196B}.Debug|x86.Build.0 = Debug|Win32
		{9CB93FCE-939F-4476-AD03-6BAF2FAA196B}.Release|x64.ActiveCfg = Release|x64
		{9CB93FCE-939F-4476-AD03-6BAF2FAA196B}.Release|x64.Build.0 = Release|x64
		{9CB93FCE-939F-4476-AD03-6BAF2FAA196B}.Release|x86.ActiveCfg = Release|Win32
		{9CB93FCE-939F-4476-AD03-6BAF2FAA196B}.Release|x86.Build.0 = Release|Win32
		{9CB93FCE-939F-4476-AD03-6BAF2FAA196B}.Test|x64.ActiveCfg = Test|x64
		{9CB93FCE-939F-4476-AD03-6BAF2FAA196B}.Test|x64.Build.0 = Test|x64
		{9CB93FCE-939F-4476-AD03-6BAF2FAA196B}.Test|x86.ActiveCfg = Test|Win32
		{9CB93FCE-939F-4476-AD03-6BAF2FAA196B}.Test|x86.Build.0 = Test|Win32
	EndGlobalSection
	GlobalSection(SolutionProperties) = preSolution
		HideSolutionNode = FALSE
	EndGlobalSection
	GlobalSection(ExtensibilityGlobals) = postSolution
		SolutionGuid = {34BC5E1B-D753-4F49-B4BE-35F20E0F9A82}
	EndGlobalSection
EndGlobal
