<?xml version="1.0" encoding="utf-8"?>
<Project ToolsVersion="4.0" xmlns="http://schemas.microsoft.com/developer/msbuild/2003">
  <ItemGroup>
    <Filter Include="Source Files">
      <UniqueIdentifier>{4FC737F1-C7A5-4376-A066-2A32D752A2FF}</UniqueIdentifier>
      <Extensions>cpp;c;cc;cxx;c++;cppm;ixx;def;odl;idl;hpj;bat;asm;asmx</Extensions>
    </Filter>
    <Filter Include="Header Files">
      <UniqueIdentifier>{93995380-89BD-4b04-88EB-625FBE52EBFB}</UniqueIdentifier>
      <Extensions>h;hh;hpp;hxx;h++;hm;inl;inc;ipp;xsd</Extensions>
    </Filter>
    <Filter Include="Resource Files">
      <UniqueIdentifier>{67DA6AB6-F800-4c08-8B7A-83BB121AAD01}</UniqueIdentifier>
      <Extensions>rc;ico;cur;bmp;dlg;rc2;rct;bin;rgs;gif;jpg;jpeg;jpe;resx;tiff;tif;png;wav;mfcribbon-ms</Extensions>
    </Filter>
  </ItemGroup>
  <ItemGroup>
    <ClInclude Include="include\tok3n\utilities\static_string.h">
      <Filter>Header Files</Filter>
    </ClInclude>
    <ClInclude Include="include\tok3n\tok3n.h">
      <Filter>Header Files</Filter>
    </ClInclude>
    <ClInclude Include="include\tok3n\parsers\Declarations.h">
      <Filter>Header Files</Filter>
    </ClInclude>
    <ClInclude Include="include\tok3n\parsers\basic\OneChar.h">
      <Filter>Header Files</Filter>
    </ClInclude>
    <ClInclude Include="include\tok3n\parsers\basic\NotChar.h">
      <Filter>Header Files</Filter>
    </ClInclude>
    <ClInclude Include="include\tok3n\parsers\basic\Literal.h">
      <Filter>Header Files</Filter>
    </ClInclude>
    <ClInclude Include="include\tok3n\parsers\Result.h">
      <Filter>Header Files</Filter>
    </ClInclude>
    <ClInclude Include="include\tok3n\parsers\compound\Choice.h">
      <Filter>Header Files</Filter>
    </ClInclude>
    <ClInclude Include="include\tok3n\parsers\compound\Sequence.h">
      <Filter>Header Files</Filter>
    </ClInclude>
    <ClInclude Include="include\tok3n\parsers\repeat\OneOrMore.h">
      <Filter>Header Files</Filter>
    </ClInclude>
    <ClInclude Include="include\tok3n\parsers\repeat\ZeroOrMore.h">
      <Filter>Header Files</Filter>
    </ClInclude>
    <ClInclude Include="include\tok3n\parsers\repeat\Maybe.h">
      <Filter>Header Files</Filter>
    </ClInclude>
    <ClInclude Include="include\tok3n\operators\Choice.h">
      <Filter>Header Files</Filter>
    </ClInclude>
    <ClInclude Include="include\tok3n\operators\Sequence.h">
      <Filter>Header Files</Filter>
    </ClInclude>
    <ClInclude Include="include\tok3n\operators\OneOrMore.h">
      <Filter>Header Files</Filter>
    </ClInclude>
    <ClInclude Include="include\tok3n\operators\ZeroOrMore.h">
      <Filter>Header Files</Filter>
    </ClInclude>
    <ClInclude Include="include\tok3n\operators\Maybe.h">
      <Filter>Header Files</Filter>
    </ClInclude>
    <ClInclude Include="include\tok3n\operators\Not.h">
      <Filter>Header Files</Filter>
    </ClInclude>
    <ClInclude Include="include\tok3n\utilities\meta.h">
      <Filter>Header Files</Filter>
    </ClInclude>
    <ClInclude Include="include\tok3n\parsers\adaptor\Transform.h">
      <Filter>Header Files</Filter>
    </ClInclude>
    <ClInclude Include="include\tok3n\operators\Adaptor.h">
      <Filter>Header Files</Filter>
    </ClInclude>
    <ClInclude Include="examples\json.h">
      <Filter>Header Files</Filter>
    </ClInclude>
    <ClInclude Include="include\tok3n\parsers\repeat\Ignore.h">
      <Filter>Header Files</Filter>
    </ClInclude>
    <ClInclude Include="include\tok3n\parsers\adaptor\Join.h">
      <Filter>Header Files</Filter>
    </ClInclude>
    <ClInclude Include="include\tok3n\parsers\adaptor\Delimit.h">
      <Filter>Header Files</Filter>
    </ClInclude>
    <ClInclude Include="include\tok3n\utilities\namespace.h">
      <Filter>Header Files</Filter>
    </ClInclude>
    <ClInclude Include="tests\utility.h">
      <Filter>Header Files</Filter>
    </ClInclude>
    <ClInclude Include="pch.h">
      <Filter>Header Files</Filter>
    </ClInclude>
    <ClInclude Include="tests\parsers_basic\combine.h">
      <Filter>Source Files</Filter>
    </ClInclude>
    <ClInclude Include="tests\parsers_basic\Literal.h">
      <Filter>Source Files</Filter>
    </ClInclude>
    <ClInclude Include="tests\parsers_basic\NotChar.h">
      <Filter>Source Files</Filter>
    </ClInclude>
    <ClInclude Include="tests\parsers_basic\OneChar.h">
      <Filter>Source Files</Filter>
    </ClInclude>
    <ClInclude Include="tests\parsers_compound\Choice.h">
      <Filter>Source Files</Filter>
    </ClInclude>
    <ClInclude Include="tests\parsers_compound\Sequence.h">
      <Filter>Source Files</Filter>
    </ClInclude>
    <ClInclude Include="tests\parsers_compound\combine.h">
      <Filter>Source Files</Filter>
    </ClInclude>
    <ClInclude Include="tests\parsers_repeat\OneOrMore.h">
      <Filter>Source Files</Filter>
    </ClInclude>
    <ClInclude Include="tests\parsers_repeat\ZeroOrMore.h">
      <Filter>Source Files</Filter>
    </ClInclude>
    <ClInclude Include="tests\parsers_repeat\Maybe.h">
      <Filter>Source Files</Filter>
    </ClInclude>
    <ClInclude Include="tests\parsers_repeat\combine.h">
      <Filter>Header Files</Filter>
    </ClInclude>
    <ClInclude Include="include\tok3n\utilities\forward_like.h">
      <Filter>Header Files</Filter>
    </ClInclude>
    <ClInclude Include="tests\parsers_adaptor\Delimit.h">
      <Filter>Header Files</Filter>
    </ClInclude>
    <ClInclude Include="include\tok3n\parsers\adaptor\Custom.h">
      <Filter>Header Files</Filter>
    </ClInclude>
    <ClInclude Include="tests\parsers_adaptor\Join.h">
      <Filter>Header Files</Filter>
    </ClInclude>
    <ClInclude Include="tests\parsers_repeat\Ignore.h">
      <Filter>Header Files</Filter>
    </ClInclude>
    <ClInclude Include="tests\parsers_adaptor\Transform.h">
      <Filter>Header Files</Filter>
    </ClInclude>
    <ClInclude Include="tests\parsers_adaptor\Custom.h">
      <Filter>Header Files</Filter>
    </ClInclude>
    <ClInclude Include="tests\parsers_adaptor\combine.h">
      <Filter>Header Files</Filter>
    </ClInclude>
    <ClInclude Include="include\tok3n\parsers\adaptor\Into.h">
      <Filter>Header Files</Filter>
    </ClInclude>
    <ClInclude Include="include\tok3n\parsers\repeat\Exactly.h">
      <Filter>Header Files</Filter>
    </ClInclude>
    <ClInclude Include="include\tok3n\parsers\adaptor\Constant.h">
      <Filter>Header Files</Filter>
    </ClInclude>
    <ClInclude Include="include\tok3n\parsers\adaptor\Defaulted.h">
      <Filter>Header Files</Filter>
    </ClInclude>
  </ItemGroup>
  <ItemGroup>
    <ClCompile Include="main.cpp">
      <Filter>Source Files</Filter>
    </ClCompile>
    <ClCompile Include="pch.cpp">
      <Filter>Source Files</Filter>
    </ClCompile>
    <ClCompile Include="tests\run_all_tests.cpp">
      <Filter>Source Files</Filter>
    </ClCompile>
  </ItemGroup>
</Project>