<?xml version="1.0" encoding="utf-8"?>
<Project ToolsVersion="4.0" xmlns="http://schemas.microsoft.com/developer/msbuild/2003">
  <ItemGroup>
    <Filter Include="operators_modifier" />
    <Filter Include="operators_regular" />
    <Filter Include="parsers_adaptor" />
    <Filter Include="parsers_basic" />
    <Filter Include="parsers_compound" />
    <Filter Include="parsers_divergent" />
    <Filter Include="parsers_repeat" />
    <Filter Include="framework">
      <UniqueIdentifier>{c83f7b93-ae65-4adf-a404-0bb0e993c794}</UniqueIdentifier>
    </Filter>
    <Filter Include="samples">
      <UniqueIdentifier>{89d82a41-cd98-441d-9c63-9b9c1ece4c1e}</UniqueIdentifier>
    </Filter>
  </ItemGroup>
  <ItemGroup>
    <ClInclude Include="traits.h" />
    <ClInclude Include="pch.h" />
    <ClInclude Include="framework\assert.h">
      <Filter>framework</Filter>
    </ClInclude>
    <ClInclude Include="framework\parse.h">
      <Filter>framework</Filter>
    </ClInclude>
    <ClInclude Include="framework\comparison.h">
      <Filter>framework</Filter>
    </ClInclude>
    <ClInclude Include="samples\basic.h">
      <Filter>samples</Filter>
    </ClInclude>
    <ClInclude Include="samples\compound.h">
      <Filter>samples</Filter>
    </ClInclude>
    <ClInclude Include="samples\repeat.h">
      <Filter>samples</Filter>
    </ClInclude>
    <ClInclude Include="samples\adaptor.h">
      <Filter>samples</Filter>
    </ClInclude>
    <ClInclude Include="samples\sub_parsers.h">
      <Filter>samples</Filter>
    </ClInclude>
    <ClInclude Include="samples\functions.h">
      <Filter>samples</Filter>
    </ClInclude>
    <ClInclude Include="samples\classes.h">
      <Filter>samples</Filter>
    </ClInclude>
    <ClInclude Include="samples\divergent.h">
      <Filter>samples</Filter>
    </ClInclude>
    <ClInclude Include="framework\parser_list.h">
      <Filter>framework</Filter>
    </ClInclude>
  </ItemGroup>
  <ItemGroup>
    <ClCompile Include="pch.cpp" />
    <ClCompile Include="operators_modifier\apply_into.cpp">
      <Filter>operators_modifier</Filter>
    </ClCompile>
    <ClCompile Include="operators_modifier\ApplyTransform.cpp">
      <Filter>operators_modifier</Filter>
    </ClCompile>
    <ClCompile Include="operators_modifier\complete.cpp">
      <Filter>operators_modifier</Filter>
    </ClCompile>
    <ClCompile Include="operators_modifier\constant.cpp">
      <Filter>operators_modifier</Filter>
    </ClCompile>
    <ClCompile Include="operators_modifier\defaulted.cpp">
      <Filter>operators_modifier</Filter>
    </ClCompile>
    <ClCompile Include="operators_modifier\delimit.cpp">
      <Filter>operators_modifier</Filter>
    </ClCompile>
    <ClCompile Include="operators_modifier\exactly.cpp">
      <Filter>operators_modifier</Filter>
    </ClCompile>
    <ClCompile Include="operators_modifier\ignore.cpp">
      <Filter>operators_modifier</Filter>
    </ClCompile>
    <ClCompile Include="operators_modifier\into.cpp">
      <Filter>operators_modifier</Filter>
    </ClCompile>
    <ClCompile Include="operators_modifier\IntoChoice.cpp">
      <Filter>operators_modifier</Filter>
    </ClCompile>
    <ClCompile Include="operators_modifier\join.cpp">
      <Filter>operators_modifier</Filter>
    </ClCompile>
    <ClCompile Include="operators_modifier\Transform.cpp">
      <Filter>operators_modifier</Filter>
    </ClCompile>
    <ClCompile Include="operators_regular\Basic.cpp">
      <Filter>operators_regular</Filter>
    </ClCompile>
    <ClCompile Include="operators_regular\Choice.cpp">
      <Filter>operators_regular</Filter>
    </ClCompile>
    <ClCompile Include="operators_regular\maybe.cpp">
      <Filter>operators_regular</Filter>
    </ClCompile>
    <ClCompile Include="operators_regular\not.cpp">
      <Filter>operators_regular</Filter>
    </ClCompile>
    <ClCompile Include="operators_regular\one_or_more.cpp">
      <Filter>operators_regular</Filter>
    </ClCompile>
    <ClCompile Include="operators_regular\Sequence.cpp">
      <Filter>operators_regular</Filter>
    </ClCompile>
    <ClCompile Include="operators_regular\zero_or_more.cpp">
      <Filter>operators_regular</Filter>
    </ClCompile>
    <ClCompile Include="parsers_adaptor\Complete.cpp">
      <Filter>parsers_adaptor</Filter>
    </ClCompile>
    <ClCompile Include="parsers_adaptor\Delimit.cpp">
      <Filter>parsers_adaptor</Filter>
    </ClCompile>
    <ClCompile Include="parsers_adaptor\Ignore.cpp">
      <Filter>parsers_adaptor</Filter>
    </ClCompile>
    <ClCompile Include="parsers_basic\Literal.cpp">
      <Filter>parsers_basic</Filter>
    </ClCompile>
    <ClCompile Include="parsers_basic\NotChar.cpp">
      <Filter>parsers_basic</Filter>
    </ClCompile>
    <ClCompile Include="parsers_basic\OneChar.cpp">
      <Filter>parsers_basic</Filter>
    </ClCompile>
    <ClCompile Include="parsers_compound\Choice.cpp">
      <Filter>parsers_compound</Filter>
    </ClCompile>
    <ClCompile Include="parsers_compound\Sequence.cpp">
      <Filter>parsers_compound</Filter>
    </ClCompile>
    <ClCompile Include="parsers_divergent\ApplyInto.cpp">
      <Filter>parsers_divergent</Filter>
    </ClCompile>
    <ClCompile Include="parsers_divergent\ApplyTransform.cpp">
      <Filter>parsers_divergent</Filter>
    </ClCompile>
    <ClCompile Include="parsers_divergent\combine.cpp">
      <Filter>parsers_divergent</Filter>
    </ClCompile>
    <ClCompile Include="parsers_divergent\Constant.cpp">
      <Filter>parsers_divergent</Filter>
    </ClCompile>
    <ClCompile Include="parsers_divergent\Custom.cpp">
      <Filter>parsers_divergent</Filter>
    </ClCompile>
    <ClCompile Include="parsers_divergent\Defaulted.cpp">
      <Filter>parsers_divergent</Filter>
    </ClCompile>
    <ClCompile Include="parsers_divergent\Into.cpp">
      <Filter>parsers_divergent</Filter>
    </ClCompile>
    <ClCompile Include="parsers_divergent\Join.cpp">
      <Filter>parsers_divergent</Filter>
    </ClCompile>
    <ClCompile Include="parsers_divergent\Transform.cpp">
      <Filter>parsers_divergent</Filter>
    </ClCompile>
    <ClCompile Include="parsers_repeat\Exactly.cpp">
      <Filter>parsers_repeat</Filter>
    </ClCompile>
    <ClCompile Include="parsers_repeat\Maybe.cpp">
      <Filter>parsers_repeat</Filter>
    </ClCompile>
    <ClCompile Include="parsers_repeat\OneOrMore.cpp">
      <Filter>parsers_repeat</Filter>
    </ClCompile>
    <ClCompile Include="parsers_repeat\ZeroOrMore.cpp">
      <Filter>parsers_repeat</Filter>
    </ClCompile>
  </ItemGroup>
</Project>