<?xml version="1.0" encoding="utf-8"?>
<Project ToolsVersion="4.0" xmlns="http://schemas.microsoft.com/developer/msbuild/2003">
  <ItemGroup>
    <Filter Include="framework">
      <UniqueIdentifier>{c83f7b93-ae65-4adf-a404-0bb0e993c794}</UniqueIdentifier>
    </Filter>
    <Filter Include="samples">
      <UniqueIdentifier>{89d82a41-cd98-441d-9c63-9b9c1ece4c1e}</UniqueIdentifier>
    </Filter>
    <Filter Include="asserts">
      <UniqueIdentifier>{04a30643-4eee-441c-b443-7531dfcd42fb}</UniqueIdentifier>
    </Filter>
    <Filter Include="k3">
      <UniqueIdentifier>{65cfecc2-40f4-4423-9edd-bdeeb6a92442}</UniqueIdentifier>
    </Filter>
    <Filter Include="k3\tok3n">
      <UniqueIdentifier>{b86a905f-b74f-44c7-9514-7460165cf456}</UniqueIdentifier>
    </Filter>
    <Filter Include="k3\tok3n\operators">
      <UniqueIdentifier>{ba718574-35af-425c-825d-e7c25bbe6e0a}</UniqueIdentifier>
    </Filter>
    <Filter Include="k3\tok3n\modifiers">
      <UniqueIdentifier>{578da705-8b57-4e95-9930-4dfa61757406}</UniqueIdentifier>
    </Filter>
    <Filter Include="k3\tok3n\parsers">
      <UniqueIdentifier>{ad09422b-e4ae-4ce6-bcce-69d537a24a92}</UniqueIdentifier>
    </Filter>
    <Filter Include="k3\tok3n\parsers\basic">
      <UniqueIdentifier>{d66381e7-cc25-44e9-9372-1c51a2a19d0c}</UniqueIdentifier>
    </Filter>
    <Filter Include="k3\tok3n\parsers\adaptor">
      <UniqueIdentifier>{5bb0e728-d5c5-4aa5-b69a-396a1e2f250f}</UniqueIdentifier>
    </Filter>
    <Filter Include="k3\tok3n\parsers\compound">
      <UniqueIdentifier>{c7db7994-3762-4c18-a090-d9e01df8cb24}</UniqueIdentifier>
    </Filter>
    <Filter Include="k3\tok3n\parsers\divergent">
      <UniqueIdentifier>{aef2ea41-de9a-41a5-a9d2-40aaea83bfee}</UniqueIdentifier>
    </Filter>
    <Filter Include="k3\tok3n\parsers\optimizations">
      <UniqueIdentifier>{e7f02064-1cca-4418-a620-7197e0005b7e}</UniqueIdentifier>
    </Filter>
    <Filter Include="k3\tok3n\parsers\repeat">
      <UniqueIdentifier>{3189c619-fb2b-480e-96cb-7528df5847df}</UniqueIdentifier>
    </Filter>
    <Filter Include="k3\tok3n\types">
      <UniqueIdentifier>{81208e9a-627a-4ef8-97ab-e17daf40e2a7}</UniqueIdentifier>
    </Filter>
  </ItemGroup>
  <ItemGroup>
    <ClCompile Include="pch.cpp" />
  </ItemGroup>
</Project>